
Microsoft Visual Studio Solution File, Format Version 12.00
# Visual Studio Version 17
VisualStudioVersion = 17.3.32804.467
MinimumVisualStudioVersion = 10.0.40219.1
Project("{FAE04EC0-301F-11D3-BF4B-00C04F79EFBC}") = "Print_numbers_from_one_to_ten", "Print_numbers_from_one_to_ten.csproj", "{87E272F6-C37A-4EAD-AF2D-99C912855997}"
EndProject
Global
	GlobalSection(SolutionConfigurationPlatforms) = preSolution
		Debug|Any CPU = Debug|Any CPU
		Release|Any CPU = Release|Any CPU
	EndGlobalSection
	GlobalSection(ProjectConfigurationPlatforms) = postSolution
		{87E272F6-C37A-4EAD-AF2D-99C912855997}.Debug|Any CPU.ActiveCfg = Debug|Any CPU
		{87E272F6-C37A-4EAD-AF2D-99C912855997}.Debug|Any CPU.Build.0 = Debug|Any CPU
		{87E272F6-C37A-4EAD-AF2D-99C912855997}.Release|Any CPU.ActiveCfg = Release|Any CPU
		{87E272F6-C37A-4EAD-AF2D-99C912855997}.Release|Any CPU.Build.0 = Release|Any CPU
	EndGlobalSection
	GlobalSection(SolutionProperties) = preSolution
		HideSolutionNode = FALSE
	EndGlobalSection
	GlobalSection(ExtensibilityGlobals) = postSolution
		SolutionGuid = {6A109C82-6345-40EE-9FD6-42A1C80AF7AF}
	EndGlobalSection
EndGlobal
